{
  "name": "mf-toolkit",
  "lockfileVersion": 3,
  "requires": true,
  "packages": {
    "": {
      "name": "mf-toolkit",
      "workspaces": [
        "packages/*"
      ],
      "devDependencies": {
        "@types/node": "^25.4.0",
        "typescript": "^5.9.3"
      },
      "engines": {
        "node": ">=18"
      }
    },
    "node_modules/@mf-toolkit/sprite-plugin": {
      "resolved": "packages/sprite-plugin",
      "link": true
    },
    "node_modules/@types/node": {
      "version": "25.4.0",
      "resolved": "https://npm.yandex-team.ru/@types%2fnode/-/node-25.4.0.tgz?rbtorrent=",
      "integrity": "sha512-9wLpoeWuBlcbBpOY3XmzSTG3oscB6xjBEEtn+pYXTfhyXhIxC5FsBer2KTopBlvKEiW9l13po9fq+SJY/5lkhw==",
      "dev": true,
      "license": "MIT",
      "dependencies": {
        "undici-types": "~7.18.0"
      }
    },
    "node_modules/typescript": {
      "version": "5.9.3",
      "resolved": "https://npm.yandex-team.ru/typescript/-/typescript-5.9.3.tgz?rbtorrent=",
      "integrity": "sha512-jl1vZzPDinLr9eUt3J/t7V6FgNEw9QjvBPdysz9KfQDD41fQrC2Y4vKQdiaUpFT4bXlb1RHhLpp8wtm6M5TgSw==",
      "dev": true,
      "license": "Apache-2.0",
      "bin": {
        "tsc": "bin/tsc",
        "tsserver": "bin/tsserver"
      },
      "engines": {
        "node": ">=14.17"
      }
    },
    "node_modules/undici-types": {
      "version": "7.18.2",
      "resolved": "https://npm.yandex-team.ru/undici-types/-/undici-types-7.18.2.tgz?rbtorrent=",
      "integrity": "sha512-AsuCzffGHJybSaRrmr5eHr81mwJU3kjw6M+uprWvCXiNeN9SOGwQ3Jn8jb8m3Z6izVgknn1R0FTCEAP2QrLY/w==",
      "dev": true,
      "license": "MIT"
    },
    "packages/sprite-plugin": {
      "name": "@mf-toolkit/sprite-plugin",
      "version": "0.1.0",
      "license": "MIT",
      "engines": {
        "node": ">=18"
      }
    }
  }
}
